
Microsoft Visual Studio Solution File, Format Version 12.00
# Visual Studio Version 17
VisualStudioVersion = 17.1.32319.34
MinimumVisualStudioVersion = 10.0.40219.1
Project("{FAE04EC0-301F-11D3-BF4B-00C04F79EFBC}") = "rss", "rss\rss.csproj", "{5909B590-DB28-43C6-BE2C-CF5CC143C82E}"
EndProject
Global
	GlobalSection(SolutionConfigurationPlatforms) = preSolution
		Debug|Any CPU = Debug|Any CPU
		Release|Any CPU = Release|Any CPU
	EndGlobalSection
	GlobalSection(ProjectConfigurationPlatforms) = postSolution
		{5909B590-DB28-43C6-BE2C-CF5CC143C82E}.Debug|Any CPU.ActiveCfg = Debug|Any CPU
		{5909B590-DB28-43C6-BE2C-CF5CC143C82E}.Debug|Any CPU.Build.0 = Debug|Any CPU
		{5909B590-DB28-43C6-BE2C-CF5CC143C82E}.Release|Any CPU.ActiveCfg = Release|Any CPU
		{5909B590-DB28-43C6-BE2C-CF5CC143C82E}.Release|Any CPU.Build.0 = Release|Any CPU
	EndGlobalSection
	GlobalSection(SolutionProperties) = preSolution
		HideSolutionNode = FALSE
	EndGlobalSection
	GlobalSection(ExtensibilityGlobals) = postSolution
		SolutionGuid = {225B67CB-B25F-4D10-864D-9B8DDCF8E32A}
	EndGlobalSection
EndGlobal
