
Microsoft Visual Studio Solution File, Format Version 12.00
# Visual Studio Version 17
VisualStudioVersion = 17.1.32319.34
MinimumVisualStudioVersion = 10.0.40219.1
Project("{9A19103F-16F7-4668-BE54-9A1E7A4F7556}") = "PresentationLayer", "rss\PresentationLayer.csproj", "{5909B590-DB28-43C6-BE2C-CF5CC143C82E}"
EndProject
Project("{9A19103F-16F7-4668-BE54-9A1E7A4F7556}") = "DataLayer", "Datalager\DataLayer.csproj", "{35CF1B07-013C-4EF8-B4DE-CA3A41EF6EC9}"
EndProject
Project("{9A19103F-16F7-4668-BE54-9A1E7A4F7556}") = "LogicLayer", "LogikLager\LogicLayer.csproj", "{AFABEC98-84C4-48B4-82C6-C70FB05FFA5F}"
EndProject
Project("{FAE04EC0-301F-11D3-BF4B-00C04F79EFBC}") = "Models", "Models\Models.csproj", "{671CD577-7A94-4F77-A12C-5E688EF523EE}"
EndProject
Global
	GlobalSection(SolutionConfigurationPlatforms) = preSolution
		Debug|Any CPU = Debug|Any CPU
		Release|Any CPU = Release|Any CPU
	EndGlobalSection
	GlobalSection(ProjectConfigurationPlatforms) = postSolution
		{5909B590-DB28-43C6-BE2C-CF5CC143C82E}.Debug|Any CPU.ActiveCfg = Debug|Any CPU
		{5909B590-DB28-43C6-BE2C-CF5CC143C82E}.Debug|Any CPU.Build.0 = Debug|Any CPU
		{5909B590-DB28-43C6-BE2C-CF5CC143C82E}.Release|Any CPU.ActiveCfg = Release|Any CPU
		{5909B590-DB28-43C6-BE2C-CF5CC143C82E}.Release|Any CPU.Build.0 = Release|Any CPU
		{35CF1B07-013C-4EF8-B4DE-CA3A41EF6EC9}.Debug|Any CPU.ActiveCfg = Debug|Any CPU
		{35CF1B07-013C-4EF8-B4DE-CA3A41EF6EC9}.Debug|Any CPU.Build.0 = Debug|Any CPU
		{35CF1B07-013C-4EF8-B4DE-CA3A41EF6EC9}.Release|Any CPU.ActiveCfg = Release|Any CPU
		{35CF1B07-013C-4EF8-B4DE-CA3A41EF6EC9}.Release|Any CPU.Build.0 = Release|Any CPU
		{AFABEC98-84C4-48B4-82C6-C70FB05FFA5F}.Debug|Any CPU.ActiveCfg = Debug|Any CPU
		{AFABEC98-84C4-48B4-82C6-C70FB05FFA5F}.Debug|Any CPU.Build.0 = Debug|Any CPU
		{AFABEC98-84C4-48B4-82C6-C70FB05FFA5F}.Release|Any CPU.ActiveCfg = Release|Any CPU
		{AFABEC98-84C4-48B4-82C6-C70FB05FFA5F}.Release|Any CPU.Build.0 = Release|Any CPU
		{671CD577-7A94-4F77-A12C-5E688EF523EE}.Debug|Any CPU.ActiveCfg = Debug|Any CPU
		{671CD577-7A94-4F77-A12C-5E688EF523EE}.Debug|Any CPU.Build.0 = Debug|Any CPU
		{671CD577-7A94-4F77-A12C-5E688EF523EE}.Release|Any CPU.ActiveCfg = Release|Any CPU
		{671CD577-7A94-4F77-A12C-5E688EF523EE}.Release|Any CPU.Build.0 = Release|Any CPU
	EndGlobalSection
	GlobalSection(SolutionProperties) = preSolution
		HideSolutionNode = FALSE
	EndGlobalSection
	GlobalSection(ExtensibilityGlobals) = postSolution
		SolutionGuid = {225B67CB-B25F-4D10-864D-9B8DDCF8E32A}
	EndGlobalSection
EndGlobal
